<?xml version="1.0" encoding="utf-8"?>
<Project ToolsVersion="4.0" xmlns="http://schemas.microsoft.com/developer/msbuild/2003">
  <ItemGroup>
    <Filter Include="Source Files">
      <UniqueIdentifier>{4FC737F1-C7A5-4376-A066-2A32D752A2FF}</UniqueIdentifier>
      <Extensions>cpp;cxx;c;def</Extensions>
    </Filter>
    <Filter Include="Header Files">
      <UniqueIdentifier>{93995380-89BD-4b04-88EB-625FBE52EBFB}</UniqueIdentifier>
      <Extensions>h</Extensions>
    </Filter>
    <Filter Include="Resource Files">
      <UniqueIdentifier>{D9D6E242-F8AF-46E4-B9FD-80ECBC20BA3E}</UniqueIdentifier>
      <Extensions>qrc;*</Extensions>
      <ParseFiles>false</ParseFiles>
    </Filter>
    <Filter Include="Generated Files">
      <UniqueIdentifier>{71ED8ED8-ACB9-4CE9-BBE1-E00B30144E11}</UniqueIdentifier>
      <Extensions>moc;h;cpp</Extensions>
      <SourceControlFiles>False</SourceControlFiles>
    </Filter>
    <Filter Include="uqer">
      <UniqueIdentifier>{b6a30393-614e-4df5-bb2f-ea159bdea89d}</UniqueIdentifier>
    </Filter>
    <Filter Include="Generated Files\Debug">
      <UniqueIdentifier>{f90bb883-24db-4ea2-9876-777d82bac715}</UniqueIdentifier>
      <Extensions>cpp;moc</Extensions>
      <SourceControlFiles>False</SourceControlFiles>
    </Filter>
    <Filter Include="Generated Files\Release">
      <UniqueIdentifier>{6f6b33d6-17bb-4183-8936-73b306542011}</UniqueIdentifier>
      <Extensions>cpp;moc</Extensions>
      <SourceControlFiles>False</SourceControlFiles>
    </Filter>
    <Filter Include="ForTest">
      <UniqueIdentifier>{4d3f6e4c-2735-4b44-81a8-aa26ae67ee3d}</UniqueIdentifier>
    </Filter>
  </ItemGroup>
  <ItemGroup>
    <ClCompile Include="DataEngine.cpp">
      <Filter>Source Files</Filter>
    </ClCompile>
    <ClCompile Include="uqer\UqerDataAccessImpl.cpp">
      <Filter>uqer</Filter>
    </ClCompile>
    <ClCompile Include="GeneratedFiles\Debug\moc_UqerDataAccessImpl.cpp">
      <Filter>Generated Files\Debug</Filter>
    </ClCompile>
    <ClCompile Include="GeneratedFiles\Release\moc_UqerDataAccessImpl.cpp">
      <Filter>Generated Files\Release</Filter>
    </ClCompile>
    <ClCompile Include="TestExport.cpp">
      <Filter>ForTest</Filter>
    </ClCompile>
  </ItemGroup>
  <ItemGroup>
    <ClInclude Include="DataEngine.h">
      <Filter>Header Files</Filter>
    </ClInclude>
    <ClInclude Include="IHistoryDataManager.h">
      <Filter>Header Files</Filter>
    </ClInclude>
    <ClInclude Include="ILiveDataManager.h">
      <Filter>Header Files</Filter>
    </ClInclude>
    <ClInclude Include="IContractManager.h">
      <Filter>Header Files</Filter>
    </ClInclude>
    <ClInclude Include="uqer\UqerDataAccess.h">
      <Filter>uqer</Filter>
    </ClInclude>
    <ClInclude Include="IDataAccess.h">
      <Filter>Header Files</Filter>
    </ClInclude>
    <ClInclude Include="TestExport.h">
      <Filter>ForTest</Filter>
    </ClInclude>
  </ItemGroup>
  <ItemGroup>
    <CustomBuild Include="uqer\UqerDataAccessImpl.h">
      <Filter>uqer</Filter>
    </CustomBuild>
  </ItemGroup>
</Project>